
Microsoft Visual Studio Solution File, Format Version 12.00
# Visual Studio Version 17
VisualStudioVersion = 17.13.35825.156 d17.13
MinimumVisualStudioVersion = 10.0.40219.1
Project("{FAE04EC0-301F-11D3-BF4B-00C04F79EFBC}") = "BakeshopManagementSys", "BakeshopManagementSys\BakeshopManagementSys.csproj", "{E2F6CEEB-DA65-4F0F-AD08-4DC01C821BB0}"
EndProject
Global
	GlobalSection(SolutionConfigurationPlatforms) = preSolution
		Debug|Any CPU = Debug|Any CPU
		Release|Any CPU = Release|Any CPU
	EndGlobalSection
	GlobalSection(ProjectConfigurationPlatforms) = postSolution
		{E2F6CEEB-DA65-4F0F-AD08-4DC01C821BB0}.Debug|Any CPU.ActiveCfg = Debug|Any CPU
		{E2F6CEEB-DA65-4F0F-AD08-4DC01C821BB0}.Debug|Any CPU.Build.0 = Debug|Any CPU
		{E2F6CEEB-DA65-4F0F-AD08-4DC01C821BB0}.Release|Any CPU.ActiveCfg = Release|Any CPU
		{E2F6CEEB-DA65-4F0F-AD08-4DC01C821BB0}.Release|Any CPU.Build.0 = Release|Any CPU
	EndGlobalSection
	GlobalSection(SolutionProperties) = preSolution
		HideSolutionNode = FALSE
	EndGlobalSection
	GlobalSection(ExtensibilityGlobals) = postSolution
		SolutionGuid = {B8F18457-D216-4A42-87F7-B40D080DF06D}
	EndGlobalSection
EndGlobal
